// !$*UTF8*$!
{
	archiveVersion = 1;
	classes = {
	};
	objectVersion = 46;
	objects = {

/* Begin PBXBuildFile section */
		945572C41DC4393400091C8B /* AppDelegate.swift in Sources */ = {isa = PBXBuildFile; fileRef = 945572C31DC4393400091C8B /* AppDelegate.swift */; };
		945572C61DC4393400091C8B /* ViewController.swift in Sources */ = {isa = PBXBuildFile; fileRef = 945572C51DC4393400091C8B /* ViewController.swift */; };
		945572C91DC4393400091C8B /* Main.storyboard in Resources */ = {isa = PBXBuildFile; fileRef = 945572C71DC4393400091C8B /* Main.storyboard */; };
		945572CB1DC4393500091C8B /* Assets.xcassets in Resources */ = {isa = PBXBuildFile; fileRef = 945572CA1DC4393500091C8B /* Assets.xcassets */; };
		945572CE1DC4393500091C8B /* LaunchScreen.storyboard in Resources */ = {isa = PBXBuildFile; fileRef = 945572CC1DC4393500091C8B /* LaunchScreen.storyboard */; };
		945572D91DC4393600091C8B /* Accediendo_a_la_nube_con_iOS_Semana_3_clima3Tests.swift in Sources */ = {isa = PBXBuildFile; fileRef = 945572D81DC4393600091C8B /* Accediendo_a_la_nube_con_iOS_Semana_3_clima3Tests.swift */; };
		945572E41DC4393600091C8B /* Accediendo_a_la_nube_con_iOS_Semana_3_clima3UITests.swift in Sources */ = {isa = PBXBuildFile; fileRef = 945572E31DC4393600091C8B /* Accediendo_a_la_nube_con_iOS_Semana_3_clima3UITests.swift */; };
/* End PBXBuildFile section */

/* Begin PBXContainerItemProxy section */
		945572D51DC4393600091C8B /* PBXContainerItemProxy */ = {
			isa = PBXContainerItemProxy;
			containerPortal = 945572B81DC4393300091C8B /* Project object */;
			proxyType = 1;
			remoteGlobalIDString = 945572BF1DC4393300091C8B;
			remoteInfo = "Accediendo-a-la-nube-con-iOS_Semana-3_clima3";
		};
		945572E01DC4393600091C8B /* PBXContainerItemProxy */ = {
			isa = PBXContainerItemProxy;
			containerPortal = 945572B81DC4393300091C8B /* Project object */;
			proxyType = 1;
			remoteGlobalIDString = 945572BF1DC4393300091C8B;
			remoteInfo = "Accediendo-a-la-nube-con-iOS_Semana-3_clima3";
		};
/* End PBXContainerItemProxy section */

/* Begin PBXFileReference section */
		945572C01DC4393400091C8B /* Accediendo-a-la-nube-con-iOS_Semana-3_clima3.app */ = {isa = PBXFileReference; explicitFileType = wrapper.application; includeInIndex = 0; path = "Accediendo-a-la-nube-con-iOS_Semana-3_clima3.app"; sourceTree = BUILT_PRODUCTS_DIR; };
		945572C31DC4393400091C8B /* AppDelegate.swift */ = {isa = PBXFileReference; lastKnownFileType = sourcecode.swift; path = AppDelegate.swift; sourceTree = "<group>"; };
		945572C51DC4393400091C8B /* ViewController.swift */ = {isa = PBXFileReference; lastKnownFileType = sourcecode.swift; path = ViewController.swift; sourceTree = "<group>"; };
		945572C81DC4393400091C8B /* Base */ = {isa = PBXFileReference; lastKnownFileType = file.storyboard; name = Base; path = Base.lproj/Main.storyboard; sourceTree = "<group>"; };
		945572CA1DC4393500091C8B /* Assets.xcassets */ = {isa = PBXFileReference; lastKnownFileType = folder.assetcatalog; path = Assets.xcassets; sourceTree = "<group>"; };
		945572CD1DC4393500091C8B /* Base */ = {isa = PBXFileReference; lastKnownFileType = file.storyboard; name = Base; path = Base.lproj/LaunchScreen.storyboard; sourceTree = "<group>"; };
		945572CF1DC4393500091C8B /* Info.plist */ = {isa = PBXFileReference; lastKnownFileType = text.plist.xml; path = Info.plist; sourceTree = "<group>"; };
		945572D41DC4393600091C8B /* Accediendo-a-la-nube-con-iOS_Semana-3_clima3Tests.xctest */ = {isa = PBXFileReference; explicitFileType = wrapper.cfbundle; includeInIndex = 0; path = "Accediendo-a-la-nube-con-iOS_Semana-3_clima3Tests.xctest"; sourceTree = BUILT_PRODUCTS_DIR; };
		945572D81DC4393600091C8B /* Accediendo_a_la_nube_con_iOS_Semana_3_clima3Tests.swift */ = {isa = PBXFileReference; lastKnownFileType = sourcecode.swift; path = Accediendo_a_la_nube_con_iOS_Semana_3_clima3Tests.swift; sourceTree = "<group>"; };
		945572DA1DC4393600091C8B /* Info.plist */ = {isa = PBXFileReference; lastKnownFileType = text.plist.xml; path = Info.plist; sourceTree = "<group>"; };
		945572DF1DC4393600091C8B /* Accediendo-a-la-nube-con-iOS_Semana-3_clima3UITests.xctest */ = {isa = PBXFileReference; explicitFileType = wrapper.cfbundle; includeInIndex = 0; path = "Accediendo-a-la-nube-con-iOS_Semana-3_clima3UITests.xctest"; sourceTree = BUILT_PRODUCTS_DIR; };
		945572E31DC4393600091C8B /* Accediendo_a_la_nube_con_iOS_Semana_3_clima3UITests.swift */ = {isa = PBXFileReference; lastKnownFileType = sourcecode.swift; path = Accediendo_a_la_nube_con_iOS_Semana_3_clima3UITests.swift; sourceTree = "<group>"; };
		945572E51DC4393600091C8B /* Info.plist */ = {isa = PBXFileReference; lastKnownFileType = text.plist.xml; path = Info.plist; sourceTree = "<group>"; };
/* End PBXFileReference section */

/* Begin PBXFrameworksBuildPhase section */
		945572BD1DC4393300091C8B /* Frameworks */ = {
			isa = PBXFrameworksBuildPhase;
			buildActionMask = 2147483647;
			files = (
			);
			runOnlyForDeploymentPostprocessing = 0;
		};
		945572D11DC4393600091C8B /* Frameworks */ = {
			isa = PBXFrameworksBuildPhase;
			buildActionMask = 2147483647;
			files = (
			);
			runOnlyForDeploymentPostprocessing = 0;
		};
		945572DC1DC4393600091C8B /* Frameworks */ = {
			isa = PBXFrameworksBuildPhase;
			buildActionMask = 2147483647;
			files = (
			);
			runOnlyForDeploymentPostprocessing = 0;
		};
/* End PBXFrameworksBuildPhase section */

/* Begin PBXGroup section */
		945572B71DC4393300091C8B = {
			isa = PBXGroup;
			children = (
				945572C21DC4393400091C8B /* Accediendo-a-la-nube-con-iOS_Semana-3_clima3 */,
				945572D71DC4393600091C8B /* Accediendo-a-la-nube-con-iOS_Semana-3_clima3Tests */,
				945572E21DC4393600091C8B /* Accediendo-a-la-nube-con-iOS_Semana-3_clima3UITests */,
				945572C11DC4393400091C8B /* Products */,
			);
			sourceTree = "<group>";
		};
		945572C11DC4393400091C8B /* Products */ = {
			isa = PBXGroup;
			children = (
				945572C01DC4393400091C8B /* Accediendo-a-la-nube-con-iOS_Semana-3_clima3.app */,
				945572D41DC4393600091C8B /* Accediendo-a-la-nube-con-iOS_Semana-3_clima3Tests.xctest */,
				945572DF1DC4393600091C8B /* Accediendo-a-la-nube-con-iOS_Semana-3_clima3UITests.xctest */,
			);
			name = Products;
			sourceTree = "<group>";
		};
		945572C21DC4393400091C8B /* Accediendo-a-la-nube-con-iOS_Semana-3_clima3 */ = {
			isa = PBXGroup;
			children = (
				945572C31DC4393400091C8B /* AppDelegate.swift */,
				945572C51DC4393400091C8B /* ViewController.swift */,
				945572C71DC4393400091C8B /* Main.storyboard */,
				945572CA1DC4393500091C8B /* Assets.xcassets */,
				945572CC1DC4393500091C8B /* LaunchScreen.storyboard */,
				945572CF1DC4393500091C8B /* Info.plist */,
			);
			path = "Accediendo-a-la-nube-con-iOS_Semana-3_clima3";
			sourceTree = "<group>";
		};
		945572D71DC4393600091C8B /* Accediendo-a-la-nube-con-iOS_Semana-3_clima3Tests */ = {
			isa = PBXGroup;
			children = (
				945572D81DC4393600091C8B /* Accediendo_a_la_nube_con_iOS_Semana_3_clima3Tests.swift */,
				945572DA1DC4393600091C8B /* Info.plist */,
			);
			path = "Accediendo-a-la-nube-con-iOS_Semana-3_clima3Tests";
			sourceTree = "<group>";
		};
		945572E21DC4393600091C8B /* Accediendo-a-la-nube-con-iOS_Semana-3_clima3UITests */ = {
			isa = PBXGroup;
			children = (
				945572E31DC4393600091C8B /* Accediendo_a_la_nube_con_iOS_Semana_3_clima3UITests.swift */,
				945572E51DC4393600091C8B /* Info.plist */,
			);
			path = "Accediendo-a-la-nube-con-iOS_Semana-3_clima3UITests";
			sourceTree = "<group>";
		};
/* End PBXGroup section */

/* Begin PBXNativeTarget section */
		945572BF1DC4393300091C8B /* Accediendo-a-la-nube-con-iOS_Semana-3_clima3 */ = {
			isa = PBXNativeTarget;
			buildConfigurationList = 945572E81DC4393600091C8B /* Build configuration list for PBXNativeTarget "Accediendo-a-la-nube-con-iOS_Semana-3_clima3" */;
			buildPhases = (
				945572BC1DC4393300091C8B /* Sources */,
				945572BD1DC4393300091C8B /* Frameworks */,
				945572BE1DC4393300091C8B /* Resources */,
			);
			buildRules = (
			);
			dependencies = (
			);
			name = "Accediendo-a-la-nube-con-iOS_Semana-3_clima3";
			productName = "Accediendo-a-la-nube-con-iOS_Semana-3_clima3";
			productReference = 945572C01DC4393400091C8B /* Accediendo-a-la-nube-con-iOS_Semana-3_clima3.app */;
			productType = "com.apple.product-type.application";
		};
		945572D31DC4393600091C8B /* Accediendo-a-la-nube-con-iOS_Semana-3_clima3Tests */ = {
			isa = PBXNativeTarget;
			buildConfigurationList = 945572EB1DC4393600091C8B /* Build configuration list for PBXNativeTarget "Accediendo-a-la-nube-con-iOS_Semana-3_clima3Tests" */;
			buildPhases = (
				945572D01DC4393600091C8B /* Sources */,
				945572D11DC4393600091C8B /* Frameworks */,
				945572D21DC4393600091C8B /* Resources */,
			);
			buildRules = (
			);
			dependencies = (
				945572D61DC4393600091C8B /* PBXTargetDependency */,
			);
			name = "Accediendo-a-la-nube-con-iOS_Semana-3_clima3Tests";
			productName = "Accediendo-a-la-nube-con-iOS_Semana-3_clima3Tests";
			productReference = 945572D41DC4393600091C8B /* Accediendo-a-la-nube-con-iOS_Semana-3_clima3Tests.xctest */;
			productType = "com.apple.product-type.bundle.unit-test";
		};
		945572DE1DC4393600091C8B /* Accediendo-a-la-nube-con-iOS_Semana-3_clima3UITests */ = {
			isa = PBXNativeTarget;
			buildConfigurationList = 945572EE1DC4393600091C8B /* Build configuration list for PBXNativeTarget "Accediendo-a-la-nube-con-iOS_Semana-3_clima3UITests" */;
			buildPhases = (
				945572DB1DC4393600091C8B /* Sources */,
				945572DC1DC4393600091C8B /* Frameworks */,
				945572DD1DC4393600091C8B /* Resources */,
			);
			buildRules = (
			);
			dependencies = (
				945572E11DC4393600091C8B /* PBXTargetDependency */,
			);
			name = "Accediendo-a-la-nube-con-iOS_Semana-3_clima3UITests";
			productName = "Accediendo-a-la-nube-con-iOS_Semana-3_clima3UITests";
			productReference = 945572DF1DC4393600091C8B /* Accediendo-a-la-nube-con-iOS_Semana-3_clima3UITests.xctest */;
			productType = "com.apple.product-type.bundle.ui-testing";
		};
/* End PBXNativeTarget section */

/* Begin PBXProject section */
		945572B81DC4393300091C8B /* Project object */ = {
			isa = PBXProject;
			attributes = {
				LastSwiftUpdateCheck = 0810;
				LastUpgradeCheck = 0810;
				ORGANIZATIONNAME = "Juan Carlos Carbajal Ipenza";
				TargetAttributes = {
					945572BF1DC4393300091C8B = {
						CreatedOnToolsVersion = 8.1;
						DevelopmentTeam = 85667CV2UC;
						ProvisioningStyle = Automatic;
					};
					945572D31DC4393600091C8B = {
						CreatedOnToolsVersion = 8.1;
						DevelopmentTeam = 85667CV2UC;
						ProvisioningStyle = Automatic;
						TestTargetID = 945572BF1DC4393300091C8B;
					};
					945572DE1DC4393600091C8B = {
						CreatedOnToolsVersion = 8.1;
						DevelopmentTeam = 85667CV2UC;
						ProvisioningStyle = Automatic;
						TestTargetID = 945572BF1DC4393300091C8B;
					};
				};
			};
			buildConfigurationList = 945572BB1DC4393300091C8B /* Build configuration list for PBXProject "Accediendo-a-la-nube-con-iOS_Semana-3_clima3" */;
			compatibilityVersion = "Xcode 3.2";
			developmentRegion = English;
			hasScannedForEncodings = 0;
			knownRegions = (
				en,
				Base,
			);
			mainGroup = 945572B71DC4393300091C8B;
			productRefGroup = 945572C11DC4393400091C8B /* Products */;
			projectDirPath = "";
			projectRoot = "";
			targets = (
				945572BF1DC4393300091C8B /* Accediendo-a-la-nube-con-iOS_Semana-3_clima3 */,
				945572D31DC4393600091C8B /* Accediendo-a-la-nube-con-iOS_Semana-3_clima3Tests */,
				945572DE1DC4393600091C8B /* Accediendo-a-la-nube-con-iOS_Semana-3_clima3UITests */,
			);
		};
/* End PBXProject section */

/* Begin PBXResourcesBuildPhase section */
		945572BE1DC4393300091C8B /* Resources */ = {
			isa = PBXResourcesBuildPhase;
			buildActionMask = 2147483647;
			files = (
				945572CE1DC4393500091C8B /* LaunchScreen.storyboard in Resources */,
				945572CB1DC4393500091C8B /* Assets.xcassets in Resources */,
				945572C91DC4393400091C8B /* Main.storyboard in Resources */,
			);
			runOnlyForDeploymentPostprocessing = 0;
		};
		945572D21DC4393600091C8B /* Resources */ = {
			isa = PBXResourcesBuildPhase;
			buildActionMask = 2147483647;
			files = (
			);
			runOnlyForDeploymentPostprocessing = 0;
		};
		945572DD1DC4393600091C8B /* Resources */ = {
			isa = PBXResourcesBuildPhase;
			buildActionMask = 2147483647;
			files = (
			);
			runOnlyForDeploymentPostprocessing = 0;
		};
/* End PBXResourcesBuildPhase section */

/* Begin PBXSourcesBuildPhase section */
		945572BC1DC4393300091C8B /* Sources */ = {
			isa = PBXSourcesBuildPhase;
			buildActionMask = 2147483647;
			files = (
				945572C61DC4393400091C8B /* ViewController.swift in Sources */,
				945572C41DC4393400091C8B /* AppDelegate.swift in Sources */,
			);
			runOnlyForDeploymentPostprocessing = 0;
		};
		945572D01DC4393600091C8B /* Sources */ = {
			isa = PBXSourcesBuildPhase;
			buildActionMask = 2147483647;
			files = (
				945572D91DC4393600091C8B /* Accediendo_a_la_nube_con_iOS_Semana_3_clima3Tests.swift in Sources */,
			);
			runOnlyForDeploymentPostprocessing = 0;
		};
		945572DB1DC4393600091C8B /* Sources */ = {
			isa = PBXSourcesBuildPhase;
			buildActionMask = 2147483647;
			files = (
				945572E41DC4393600091C8B /* Accediendo_a_la_nube_con_iOS_Semana_3_clima3UITests.swift in Sources */,
			);
			runOnlyForDeploymentPostprocessing = 0;
		};
/* End PBXSourcesBuildPhase section */

/* Begin PBXTargetDependency section */
		945572D61DC4393600091C8B /* PBXTargetDependency */ = {
			isa = PBXTargetDependency;
			target = 945572BF1DC4393300091C8B /* Accediendo-a-la-nube-con-iOS_Semana-3_clima3 */;
			targetProxy = 945572D51DC4393600091C8B /* PBXContainerItemProxy */;
		};
		945572E11DC4393600091C8B /* PBXTargetDependency */ = {
			isa = PBXTargetDependency;
			target = 945572BF1DC4393300091C8B /* Accediendo-a-la-nube-con-iOS_Semana-3_clima3 */;
			targetProxy = 945572E01DC4393600091C8B /* PBXContainerItemProxy */;
		};
/* End PBXTargetDependency section */

/* Begin PBXVariantGroup section */
		945572C71DC4393400091C8B /* Main.storyboard */ = {
			isa = PBXVariantGroup;
			children = (
				945572C81DC4393400091C8B /* Base */,
			);
			name = Main.storyboard;
			sourceTree = "<group>";
		};
		945572CC1DC4393500091C8B /* LaunchScreen.storyboard */ = {
			isa = PBXVariantGroup;
			children = (
				945572CD1DC4393500091C8B /* Base */,
			);
			name = LaunchScreen.storyboard;
			sourceTree = "<group>";
		};
/* End PBXVariantGroup section */

/* Begin XCBuildConfiguration section */
		945572E61DC4393600091C8B /* Debug */ = {
			isa = XCBuildConfiguration;
			buildSettings = {
				ALWAYS_SEARCH_USER_PATHS = NO;
				CLANG_ANALYZER_NONNULL = YES;
				CLANG_CXX_LANGUAGE_STANDARD = "gnu++0x";
				CLANG_CXX_LIBRARY = "libc++";
				CLANG_ENABLE_MODULES = YES;
				CLANG_ENABLE_OBJC_ARC = YES;
				CLANG_WARN_BOOL_CONVERSION = YES;
				CLANG_WARN_CONSTANT_CONVERSION = YES;
				CLANG_WARN_DIRECT_OBJC_ISA_USAGE = YES_ERROR;
				CLANG_WARN_DOCUMENTATION_COMMENTS = YES;
				CLANG_WARN_EMPTY_BODY = YES;
				CLANG_WARN_ENUM_CONVERSION = YES;
				CLANG_WARN_INFINITE_RECURSION = YES;
				CLANG_WARN_INT_CONVERSION = YES;
				CLANG_WARN_OBJC_ROOT_CLASS = YES_ERROR;
				CLANG_WARN_SUSPICIOUS_MOVES = YES;
				CLANG_WARN_UNREACHABLE_CODE = YES;
				CLANG_WARN__DUPLICATE_METHOD_MATCH = YES;
				"CODE_SIGN_IDENTITY[sdk=iphoneos*]" = "iPhone Developer";
				COPY_PHASE_STRIP = NO;
				DEBUG_INFORMATION_FORMAT = dwarf;
				ENABLE_STRICT_OBJC_MSGSEND = YES;
				ENABLE_TESTABILITY = YES;
				GCC_C_LANGUAGE_STANDARD = gnu99;
				GCC_DYNAMIC_NO_PIC = NO;
				GCC_NO_COMMON_BLOCKS = YES;
				GCC_OPTIMIZATION_LEVEL = 0;
				GCC_PREPROCESSOR_DEFINITIONS = (
					"DEBUG=1",
					"$(inherited)",
				);
				GCC_WARN_64_TO_32_BIT_CONVERSION = YES;
				GCC_WARN_ABOUT_RETURN_TYPE = YES_ERROR;
				GCC_WARN_UNDECLARED_SELECTOR = YES;
				GCC_WARN_UNINITIALIZED_AUTOS = YES_AGGRESSIVE;
				GCC_WARN_UNUSED_FUNCTION = YES;
				GCC_WARN_UNUSED_VARIABLE = YES;
				IPHONEOS_DEPLOYMENT_TARGET = 10.1;
				MTL_ENABLE_DEBUG_INFO = YES;
				ONLY_ACTIVE_ARCH = YES;
				SDKROOT = iphoneos;
				SWIFT_ACTIVE_COMPILATION_CONDITIONS = DEBUG;
				SWIFT_OPTIMIZATION_LEVEL = "-Onone";
				TARGETED_DEVICE_FAMILY = "1,2";
			};
			name = Debug;
		};
		945572E71DC4393600091C8B /* Release */ = {
			isa = XCBuildConfiguration;
			buildSettings = {
				ALWAYS_SEARCH_USER_PATHS = NO;
				CLANG_ANALYZER_NONNULL = YES;
				CLANG_CXX_LANGUAGE_STANDARD = "gnu++0x";
				CLANG_CXX_LIBRARY = "libc++";
				CLANG_ENABLE_MODULES = YES;
				CLANG_ENABLE_OBJC_ARC = YES;
				CLANG_WARN_BOOL_CONVERSION = YES;
				CLANG_WARN_CONSTANT_CONVERSION = YES;
				CLANG_WARN_DIRECT_OBJC_ISA_USAGE = YES_ERROR;
				CLANG_WARN_DOCUMENTATION_COMMENTS = YES;
				CLANG_WARN_EMPTY_BODY = YES;
				CLANG_WARN_ENUM_CONVERSION = YES;
				CLANG_WARN_INFINITE_RECURSION = YES;
				CLANG_WARN_INT_CONVERSION = YES;
				CLANG_WARN_OBJC_ROOT_CLASS = YES_ERROR;
				CLANG_WARN_SUSPICIOUS_MOVES = YES;
				CLANG_WARN_UNREACHABLE_CODE = YES;
				CLANG_WARN__DUPLICATE_METHOD_MATCH = YES;
				"CODE_SIGN_IDENTITY[sdk=iphoneos*]" = "iPhone Developer";
				COPY_PHASE_STRIP = NO;
				DEBUG_INFORMATION_FORMAT = "dwarf-with-dsym";
				ENABLE_NS_ASSERTIONS = NO;
				ENABLE_STRICT_OBJC_MSGSEND = YES;
				GCC_C_LANGUAGE_STANDARD = gnu99;
				GCC_NO_COMMON_BLOCKS = YES;
				GCC_WARN_64_TO_32_BIT_CONVERSION = YES;
				GCC_WARN_ABOUT_RETURN_TYPE = YES_ERROR;
				GCC_WARN_UNDECLARED_SELECTOR = YES;
				GCC_WARN_UNINITIALIZED_AUTOS = YES_AGGRESSIVE;
				GCC_WARN_UNUSED_FUNCTION = YES;
				GCC_WARN_UNUSED_VARIABLE = YES;
				IPHONEOS_DEPLOYMENT_TARGET = 10.1;
				MTL_ENABLE_DEBUG_INFO = NO;
				SDKROOT = iphoneos;
				SWIFT_OPTIMIZATION_LEVEL = "-Owholemodule";
				TARGETED_DEVICE_FAMILY = "1,2";
				VALIDATE_PRODUCT = YES;
			};
			name = Release;
		};
		945572E91DC4393600091C8B /* Debug */ = {
			isa = XCBuildConfiguration;
			buildSettings = {
				ASSETCATALOG_COMPILER_APPICON_NAME = AppIcon;
				DEVELOPMENT_TEAM = 85667CV2UC;
				INFOPLIST_FILE = "Accediendo-a-la-nube-con-iOS_Semana-3_clima3/Info.plist";
				LD_RUNPATH_SEARCH_PATHS = "$(inherited) @executable_path/Frameworks";
				PRODUCT_BUNDLE_IDENTIFIER = "com.m0rb1u5.Accediendo-a-la-nube-con-iOS-Semana-3-clima3";
				PRODUCT_NAME = "$(TARGET_NAME)";
				SWIFT_VERSION = 3.0;
			};
			name = Debug;
		};
		945572EA1DC4393600091C8B /* Release */ = {
			isa = XCBuildConfiguration;
			buildSettings = {
				ASSETCATALOG_COMPILER_APPICON_NAME = AppIcon;
				DEVELOPMENT_TEAM = 85667CV2UC;
				INFOPLIST_FILE = "Accediendo-a-la-nube-con-iOS_Semana-3_clima3/Info.plist";
				LD_RUNPATH_SEARCH_PATHS = "$(inherited) @executable_path/Frameworks";
				PRODUCT_BUNDLE_IDENTIFIER = "com.m0rb1u5.Accediendo-a-la-nube-con-iOS-Semana-3-clima3";
				PRODUCT_NAME = "$(TARGET_NAME)";
				SWIFT_VERSION = 3.0;
			};
			name = Release;
		};
		945572EC1DC4393600091C8B /* Debug */ = {
			isa = XCBuildConfiguration;
			buildSettings = {
				ALWAYS_EMBED_SWIFT_STANDARD_LIBRARIES = YES;
				BUNDLE_LOADER = "$(TEST_HOST)";
				DEVELOPMENT_TEAM = 85667CV2UC;
				INFOPLIST_FILE = "Accediendo-a-la-nube-con-iOS_Semana-3_clima3Tests/Info.plist";
				LD_RUNPATH_SEARCH_PATHS = "$(inherited) @executable_path/Frameworks @loader_path/Frameworks";
				PRODUCT_BUNDLE_IDENTIFIER = "com.m0rb1u5.Accediendo-a-la-nube-con-iOS-Semana-3-clima3Tests";
				PRODUCT_NAME = "$(TARGET_NAME)";
				SWIFT_VERSION = 3.0;
				TEST_HOST = "$(BUILT_PRODUCTS_DIR)/Accediendo-a-la-nube-con-iOS_Semana-3_clima3.app/Accediendo-a-la-nube-con-iOS_Semana-3_clima3";
			};
			name = Debug;
		};
		945572ED1DC4393600091C8B /* Release */ = {
			isa = XCBuildConfiguration;
			buildSettings = {
				ALWAYS_EMBED_SWIFT_STANDARD_LIBRARIES = YES;
				BUNDLE_LOADER = "$(TEST_HOST)";
				DEVELOPMENT_TEAM = 85667CV2UC;
				INFOPLIST_FILE = "Accediendo-a-la-nube-con-iOS_Semana-3_clima3Tests/Info.plist";
				LD_RUNPATH_SEARCH_PATHS = "$(inherited) @executable_path/Frameworks @loader_path/Frameworks";
				PRODUCT_BUNDLE_IDENTIFIER = "com.m0rb1u5.Accediendo-a-la-nube-con-iOS-Semana-3-clima3Tests";
				PRODUCT_NAME = "$(TARGET_NAME)";
				SWIFT_VERSION = 3.0;
				TEST_HOST = "$(BUILT_PRODUCTS_DIR)/Accediendo-a-la-nube-con-iOS_Semana-3_clima3.app/Accediendo-a-la-nube-con-iOS_Semana-3_clima3";
			};
			name = Release;
		};
		945572EF1DC4393600091C8B /* Debug */ = {
			isa = XCBuildConfiguration;
			buildSettings = {
				ALWAYS_EMBED_SWIFT_STANDARD_LIBRARIES = YES;
				DEVELOPMENT_TEAM = 85667CV2UC;
				INFOPLIST_FILE = "Accediendo-a-la-nube-con-iOS_Semana-3_clima3UITests/Info.plist";
				LD_RUNPATH_SEARCH_PATHS = "$(inherited) @executable_path/Frameworks @loader_path/Frameworks";
				PRODUCT_BUNDLE_IDENTIFIER = "com.m0rb1u5.Accediendo-a-la-nube-con-iOS-Semana-3-clima3UITests";
				PRODUCT_NAME = "$(TARGET_NAME)";
				SWIFT_VERSION = 3.0;
				TEST_TARGET_NAME = "Accediendo-a-la-nube-con-iOS_Semana-3_clima3";
			};
			name = Debug;
		};
		945572F01DC4393600091C8B /* Release */ = {
			isa = XCBuildConfiguration;
			buildSettings = {
				ALWAYS_EMBED_SWIFT_STANDARD_LIBRARIES = YES;
				DEVELOPMENT_TEAM = 85667CV2UC;
				INFOPLIST_FILE = "Accediendo-a-la-nube-con-iOS_Semana-3_clima3UITests/Info.plist";
				LD_RUNPATH_SEARCH_PATHS = "$(inherited) @executable_path/Frameworks @loader_path/Frameworks";
				PRODUCT_BUNDLE_IDENTIFIER = "com.m0rb1u5.Accediendo-a-la-nube-con-iOS-Semana-3-clima3UITests";
				PRODUCT_NAME = "$(TARGET_NAME)";
				SWIFT_VERSION = 3.0;
				TEST_TARGET_NAME = "Accediendo-a-la-nube-con-iOS_Semana-3_clima3";
			};
			name = Release;
		};
/* End XCBuildConfiguration section */

/* Begin XCConfigurationList section */
		945572BB1DC4393300091C8B /* Build configuration list for PBXProject "Accediendo-a-la-nube-con-iOS_Semana-3_clima3" */ = {
			isa = XCConfigurationList;
			buildConfigurations = (
				945572E61DC4393600091C8B /* Debug */,
				945572E71DC4393600091C8B /* Release */,
			);
			defaultConfigurationIsVisible = 0;
			defaultConfigurationName = Release;
		};
		945572E81DC4393600091C8B /* Build configuration list for PBXNativeTarget "Accediendo-a-la-nube-con-iOS_Semana-3_clima3" */ = {
			isa = XCConfigurationList;
			buildConfigurations = (
				945572E91DC4393600091C8B /* Debug */,
				945572EA1DC4393600091C8B /* Release */,
			);
			defaultConfigurationIsVisible = 0;
		};
		945572EB1DC4393600091C8B /* Build configuration list for PBXNativeTarget "Accediendo-a-la-nube-con-iOS_Semana-3_clima3Tests" */ = {
			isa = XCConfigurationList;
			buildConfigurations = (
				945572EC1DC4393600091C8B /* Debug */,
				945572ED1DC4393600091C8B /* Release */,
			);
			defaultConfigurationIsVisible = 0;
		};
		945572EE1DC4393600091C8B /* Build configuration list for PBXNativeTarget "Accediendo-a-la-nube-con-iOS_Semana-3_clima3UITests" */ = {
			isa = XCConfigurationList;
			buildConfigurations = (
				945572EF1DC4393600091C8B /* Debug */,
				945572F01DC4393600091C8B /* Release */,
			);
			defaultConfigurationIsVisible = 0;
		};
/* End XCConfigurationList section */
	};
	rootObject = 945572B81DC4393300091C8B /* Project object */;
}
